
Microsoft Visual Studio Solution File, Format Version 12.00
# Visual Studio Version 16
VisualStudioVersion = 16.0.31911.196
MinimumVisualStudioVersion = 10.0.40219.1
Project("{FAE04EC0-301F-11D3-BF4B-00C04F79EFBC}") = "Homework-arr da elementeri siralama", "Homework-arr da elementeri siralama.csproj", "{069EBBDE-6B7E-469E-99F2-EC51DC4E466C}"
EndProject
Global
	GlobalSection(SolutionConfigurationPlatforms) = preSolution
		Debug|Any CPU = Debug|Any CPU
		Release|Any CPU = Release|Any CPU
	EndGlobalSection
	GlobalSection(ProjectConfigurationPlatforms) = postSolution
		{069EBBDE-6B7E-469E-99F2-EC51DC4E466C}.Debug|Any CPU.ActiveCfg = Debug|Any CPU
		{069EBBDE-6B7E-469E-99F2-EC51DC4E466C}.Debug|Any CPU.Build.0 = Debug|Any CPU
		{069EBBDE-6B7E-469E-99F2-EC51DC4E466C}.Release|Any CPU.ActiveCfg = Release|Any CPU
		{069EBBDE-6B7E-469E-99F2-EC51DC4E466C}.Release|Any CPU.Build.0 = Release|Any CPU
	EndGlobalSection
	GlobalSection(SolutionProperties) = preSolution
		HideSolutionNode = FALSE
	EndGlobalSection
	GlobalSection(ExtensibilityGlobals) = postSolution
		SolutionGuid = {46FFEDEC-EC11-4146-A9CE-82E11A61254D}
	EndGlobalSection
EndGlobal
