
Microsoft Visual Studio Solution File, Format Version 12.00
# Visual Studio Version 16
VisualStudioVersion = 16.0.31911.196
MinimumVisualStudioVersion = 10.0.40219.1
Project("{FAE04EC0-301F-11D3-BF4B-00C04F79EFBC}") = "Homework-2", "Homework-2.csproj", "{8AE5CF35-CA99-4B6A-9C85-951B49955480}"
EndProject
Global
	GlobalSection(SolutionConfigurationPlatforms) = preSolution
		Debug|Any CPU = Debug|Any CPU
		Release|Any CPU = Release|Any CPU
	EndGlobalSection
	GlobalSection(ProjectConfigurationPlatforms) = postSolution
		{8AE5CF35-CA99-4B6A-9C85-951B49955480}.Debug|Any CPU.ActiveCfg = Debug|Any CPU
		{8AE5CF35-CA99-4B6A-9C85-951B49955480}.Debug|Any CPU.Build.0 = Debug|Any CPU
		{8AE5CF35-CA99-4B6A-9C85-951B49955480}.Release|Any CPU.ActiveCfg = Release|Any CPU
		{8AE5CF35-CA99-4B6A-9C85-951B49955480}.Release|Any CPU.Build.0 = Release|Any CPU
	EndGlobalSection
	GlobalSection(SolutionProperties) = preSolution
		HideSolutionNode = FALSE
	EndGlobalSection
	GlobalSection(ExtensibilityGlobals) = postSolution
		SolutionGuid = {0CE71CC5-82E0-4114-8B41-C9DA8A267A33}
	EndGlobalSection
EndGlobal
