
Microsoft Visual Studio Solution File, Format Version 12.00
# Visual Studio Version 16
VisualStudioVersion = 16.0.31911.196
MinimumVisualStudioVersion = 10.0.40219.1
Project("{FAE04EC0-301F-11D3-BF4B-00C04F79EFBC}") = "Homework-3", "Homework-3.csproj", "{B25EF754-47D3-463B-A1E1-FB27BC36E68F}"
EndProject
Global
	GlobalSection(SolutionConfigurationPlatforms) = preSolution
		Debug|Any CPU = Debug|Any CPU
		Release|Any CPU = Release|Any CPU
	EndGlobalSection
	GlobalSection(ProjectConfigurationPlatforms) = postSolution
		{B25EF754-47D3-463B-A1E1-FB27BC36E68F}.Debug|Any CPU.ActiveCfg = Debug|Any CPU
		{B25EF754-47D3-463B-A1E1-FB27BC36E68F}.Debug|Any CPU.Build.0 = Debug|Any CPU
		{B25EF754-47D3-463B-A1E1-FB27BC36E68F}.Release|Any CPU.ActiveCfg = Release|Any CPU
		{B25EF754-47D3-463B-A1E1-FB27BC36E68F}.Release|Any CPU.Build.0 = Release|Any CPU
	EndGlobalSection
	GlobalSection(SolutionProperties) = preSolution
		HideSolutionNode = FALSE
	EndGlobalSection
	GlobalSection(ExtensibilityGlobals) = postSolution
		SolutionGuid = {E5346B4B-2868-4B9B-AAEF-D5AF1D1261E9}
	EndGlobalSection
EndGlobal
