
Microsoft Visual Studio Solution File, Format Version 12.00
# Visual Studio Version 16
VisualStudioVersion = 16.0.31911.196
MinimumVisualStudioVersion = 10.0.40219.1
Project("{FAE04EC0-301F-11D3-BF4B-00C04F79EFBC}") = "Homework-1", "Homework-1.csproj", "{ACA8A577-C724-4224-9578-90799E0CCF49}"
EndProject
Global
	GlobalSection(SolutionConfigurationPlatforms) = preSolution
		Debug|Any CPU = Debug|Any CPU
		Release|Any CPU = Release|Any CPU
	EndGlobalSection
	GlobalSection(ProjectConfigurationPlatforms) = postSolution
		{ACA8A577-C724-4224-9578-90799E0CCF49}.Debug|Any CPU.ActiveCfg = Debug|Any CPU
		{ACA8A577-C724-4224-9578-90799E0CCF49}.Debug|Any CPU.Build.0 = Debug|Any CPU
		{ACA8A577-C724-4224-9578-90799E0CCF49}.Release|Any CPU.ActiveCfg = Release|Any CPU
		{ACA8A577-C724-4224-9578-90799E0CCF49}.Release|Any CPU.Build.0 = Release|Any CPU
	EndGlobalSection
	GlobalSection(SolutionProperties) = preSolution
		HideSolutionNode = FALSE
	EndGlobalSection
	GlobalSection(ExtensibilityGlobals) = postSolution
		SolutionGuid = {964533E0-1463-49EF-A09B-CDDB13B53473}
	EndGlobalSection
EndGlobal
